
Microsoft Visual Studio Solution File, Format Version 12.00
# Visual Studio Version 16
VisualStudioVersion = 16.0.30804.86
MinimumVisualStudioVersion = 10.0.40219.1
Project("{2150E333-8FDC-42A3-9474-1A3956D46DE8}") = "Services", "Services", "{0A75B854-C674-4F35-B10D-219DED94F8E4}"
EndProject
Project("{2150E333-8FDC-42A3-9474-1A3956D46DE8}") = "Catalog", "Catalog", "{FD11DF2D-BFB1-4820-B0E0-C562422FE828}"
EndProject
Project("{9A19103F-16F7-4668-BE54-9A1E7A4F7556}") = "Catalog.API", "Service\Catalog\Catalog.API\Catalog.API.csproj", "{85C2A58C-E5ED-40F0-A665-E21372356C13}"
EndProject
Project("{E53339B2-1760-4266-BCC7-CA923CBCF16C}") = "docker-compose", "docker-compose.dcproj", "{3C6DC3F4-1C31-442C-95FE-5B1115B2D07A}"
EndProject
Project("{2150E333-8FDC-42A3-9474-1A3956D46DE8}") = "Basket", "Basket", "{953022B1-FEF2-47D6-A91B-C115C9D78BB0}"
EndProject
Project("{9A19103F-16F7-4668-BE54-9A1E7A4F7556}") = "Basket.API", "Services\Basket\Basket.API\Basket.API.csproj", "{2E6B32A4-BBA8-4F2D-91AE-73475D85B200}"
EndProject
Project("{2150E333-8FDC-42A3-9474-1A3956D46DE8}") = "Discount", "Discount", "{316B4A27-0368-4DE1-9700-350FE03BD859}"
EndProject
Project("{9A19103F-16F7-4668-BE54-9A1E7A4F7556}") = "Discount.API", "Services\Discount\Discount.API\Discount.API.csproj", "{29A91E9E-CACD-492D-908A-E30FC4C1242C}"
EndProject
Project("{9A19103F-16F7-4668-BE54-9A1E7A4F7556}") = "Discount.Grpc", "Services\Discount\Discount.Grpc\Discount.Grpc.csproj", "{B3B0A10B-11E3-4BC5-938C-E955126BF025}"
EndProject
Project("{2150E333-8FDC-42A3-9474-1A3956D46DE8}") = "Ordering", "Ordering", "{D85C30B4-DFC0-48C3-91E7-B9CA7677A64E}"
EndProject
Project("{FAE04EC0-301F-11D3-BF4B-00C04F79EFBC}") = "Ordering.API", "Services\Ordering\Ordering.API\Ordering.API.csproj", "{C579FC3D-D3A5-4A06-9F22-5A4A217DBCD6}"
EndProject
Global
	GlobalSection(SolutionConfigurationPlatforms) = preSolution
		Debug|Any CPU = Debug|Any CPU
		Release|Any CPU = Release|Any CPU
	EndGlobalSection
	GlobalSection(ProjectConfigurationPlatforms) = postSolution
		{85C2A58C-E5ED-40F0-A665-E21372356C13}.Debug|Any CPU.ActiveCfg = Debug|Any CPU
		{85C2A58C-E5ED-40F0-A665-E21372356C13}.Debug|Any CPU.Build.0 = Debug|Any CPU
		{85C2A58C-E5ED-40F0-A665-E21372356C13}.Release|Any CPU.ActiveCfg = Release|Any CPU
		{85C2A58C-E5ED-40F0-A665-E21372356C13}.Release|Any CPU.Build.0 = Release|Any CPU
		{3C6DC3F4-1C31-442C-95FE-5B1115B2D07A}.Debug|Any CPU.ActiveCfg = Debug|Any CPU
		{3C6DC3F4-1C31-442C-95FE-5B1115B2D07A}.Debug|Any CPU.Build.0 = Debug|Any CPU
		{3C6DC3F4-1C31-442C-95FE-5B1115B2D07A}.Release|Any CPU.ActiveCfg = Release|Any CPU
		{3C6DC3F4-1C31-442C-95FE-5B1115B2D07A}.Release|Any CPU.Build.0 = Release|Any CPU
		{2E6B32A4-BBA8-4F2D-91AE-73475D85B200}.Debug|Any CPU.ActiveCfg = Debug|Any CPU
		{2E6B32A4-BBA8-4F2D-91AE-73475D85B200}.Debug|Any CPU.Build.0 = Debug|Any CPU
		{2E6B32A4-BBA8-4F2D-91AE-73475D85B200}.Release|Any CPU.ActiveCfg = Release|Any CPU
		{2E6B32A4-BBA8-4F2D-91AE-73475D85B200}.Release|Any CPU.Build.0 = Release|Any CPU
		{29A91E9E-CACD-492D-908A-E30FC4C1242C}.Debug|Any CPU.ActiveCfg = Debug|Any CPU
		{29A91E9E-CACD-492D-908A-E30FC4C1242C}.Debug|Any CPU.Build.0 = Debug|Any CPU
		{29A91E9E-CACD-492D-908A-E30FC4C1242C}.Release|Any CPU.ActiveCfg = Release|Any CPU
		{29A91E9E-CACD-492D-908A-E30FC4C1242C}.Release|Any CPU.Build.0 = Release|Any CPU
		{B3B0A10B-11E3-4BC5-938C-E955126BF025}.Debug|Any CPU.ActiveCfg = Debug|Any CPU
		{B3B0A10B-11E3-4BC5-938C-E955126BF025}.Debug|Any CPU.Build.0 = Debug|Any CPU
		{B3B0A10B-11E3-4BC5-938C-E955126BF025}.Release|Any CPU.ActiveCfg = Release|Any CPU
		{B3B0A10B-11E3-4BC5-938C-E955126BF025}.Release|Any CPU.Build.0 = Release|Any CPU
		{C579FC3D-D3A5-4A06-9F22-5A4A217DBCD6}.Debug|Any CPU.ActiveCfg = Debug|Any CPU
		{C579FC3D-D3A5-4A06-9F22-5A4A217DBCD6}.Debug|Any CPU.Build.0 = Debug|Any CPU
		{C579FC3D-D3A5-4A06-9F22-5A4A217DBCD6}.Release|Any CPU.ActiveCfg = Release|Any CPU
		{C579FC3D-D3A5-4A06-9F22-5A4A217DBCD6}.Release|Any CPU.Build.0 = Release|Any CPU
	EndGlobalSection
	GlobalSection(SolutionProperties) = preSolution
		HideSolutionNode = FALSE
	EndGlobalSection
	GlobalSection(NestedProjects) = preSolution
		{FD11DF2D-BFB1-4820-B0E0-C562422FE828} = {0A75B854-C674-4F35-B10D-219DED94F8E4}
		{85C2A58C-E5ED-40F0-A665-E21372356C13} = {FD11DF2D-BFB1-4820-B0E0-C562422FE828}
		{953022B1-FEF2-47D6-A91B-C115C9D78BB0} = {0A75B854-C674-4F35-B10D-219DED94F8E4}
		{2E6B32A4-BBA8-4F2D-91AE-73475D85B200} = {953022B1-FEF2-47D6-A91B-C115C9D78BB0}
		{316B4A27-0368-4DE1-9700-350FE03BD859} = {0A75B854-C674-4F35-B10D-219DED94F8E4}
		{29A91E9E-CACD-492D-908A-E30FC4C1242C} = {316B4A27-0368-4DE1-9700-350FE03BD859}
		{B3B0A10B-11E3-4BC5-938C-E955126BF025} = {316B4A27-0368-4DE1-9700-350FE03BD859}
		{D85C30B4-DFC0-48C3-91E7-B9CA7677A64E} = {0A75B854-C674-4F35-B10D-219DED94F8E4}
		{C579FC3D-D3A5-4A06-9F22-5A4A217DBCD6} = {D85C30B4-DFC0-48C3-91E7-B9CA7677A64E}
	EndGlobalSection
	GlobalSection(ExtensibilityGlobals) = postSolution
		SolutionGuid = {D4AE41C4-8B96-45BF-A617-9D2E3F4627A6}
	EndGlobalSection
EndGlobal
